// !$*UTF8*$!
{
	archiveVersion = 1;
	classes = {
	};
	objectVersion = 46;
	objects = {

/* Begin PBXBuildFile section */
		841CFD5E19AF1CFD00F2D3FD /* AppDelegate.swift in Sources */ = {isa = PBXBuildFile; fileRef = 841CFD5D19AF1CFD00F2D3FD /* AppDelegate.swift */; };
		841CFD6519AF1CFD00F2D3FD /* Main.storyboard in Resources */ = {isa = PBXBuildFile; fileRef = 841CFD6319AF1CFD00F2D3FD /* Main.storyboard */; };
		841CFD6719AF1CFD00F2D3FD /* Images.xcassets in Resources */ = {isa = PBXBuildFile; fileRef = 841CFD6619AF1CFD00F2D3FD /* Images.xcassets */; };
		841CFD7319AF1CFD00F2D3FD /* UctAppTests.swift in Sources */ = {isa = PBXBuildFile; fileRef = 841CFD7219AF1CFD00F2D3FD /* UctAppTests.swift */; };
		84BC064F19BED2EC002ADD56 /* UIExpandableListView.swift in Sources */ = {isa = PBXBuildFile; fileRef = 84BC064E19BED2EC002ADD56 /* UIExpandableListView.swift */; };
		84BC065119BED39E002ADD56 /* UIExpandableListViewDataSource.swift in Sources */ = {isa = PBXBuildFile; fileRef = 84BC065019BED39E002ADD56 /* UIExpandableListViewDataSource.swift */; };
		84BC065619BF2314002ADD56 /* SubGroupCellView.swift in Sources */ = {isa = PBXBuildFile; fileRef = 84BC065419BF2314002ADD56 /* SubGroupCellView.swift */; };
		84BC065719BF2314002ADD56 /* SubGroupCellView.xib in Resources */ = {isa = PBXBuildFile; fileRef = 84BC065519BF2314002ADD56 /* SubGroupCellView.xib */; };
		84C30B1119C01FD100353635 /* ZGroupModel.swift in Sources */ = {isa = PBXBuildFile; fileRef = 84C30B1019C01FD100353635 /* ZGroupModel.swift */; };
		84C30B1519C01FE700353635 /* GroupCellView.swift in Sources */ = {isa = PBXBuildFile; fileRef = 84C30B1219C01FE700353635 /* GroupCellView.swift */; };
		84C30B1619C01FE700353635 /* GroupCellView.xib in Resources */ = {isa = PBXBuildFile; fileRef = 84C30B1319C01FE700353635 /* GroupCellView.xib */; };
		84C30B1719C01FE700353635 /* GroupViewController.swift in Sources */ = {isa = PBXBuildFile; fileRef = 84C30B1419C01FE700353635 /* GroupViewController.swift */; };
		84C30B1919C01FF900353635 /* DailerViewController.swift in Sources */ = {isa = PBXBuildFile; fileRef = 84C30B1819C01FF900353635 /* DailerViewController.swift */; };
		84C30B1B19C0200500353635 /* MsgViewController.swift in Sources */ = {isa = PBXBuildFile; fileRef = 84C30B1A19C0200500353635 /* MsgViewController.swift */; };
		84C30B1D19C0201200353635 /* SettingViewController.swift in Sources */ = {isa = PBXBuildFile; fileRef = 84C30B1C19C0201200353635 /* SettingViewController.swift */; };
/* End PBXBuildFile section */

/* Begin PBXContainerItemProxy section */
		841CFD6D19AF1CFD00F2D3FD /* PBXContainerItemProxy */ = {
			isa = PBXContainerItemProxy;
			containerPortal = 841CFD5019AF1CFC00F2D3FD /* Project object */;
			proxyType = 1;
			remoteGlobalIDString = 841CFD5719AF1CFD00F2D3FD;
			remoteInfo = UctApp;
		};
/* End PBXContainerItemProxy section */

/* Begin PBXFileReference section */
		841CFD5819AF1CFD00F2D3FD /* UctApp.app */ = {isa = PBXFileReference; explicitFileType = wrapper.application; includeInIndex = 0; path = UctApp.app; sourceTree = BUILT_PRODUCTS_DIR; };
		841CFD5C19AF1CFD00F2D3FD /* Info.plist */ = {isa = PBXFileReference; lastKnownFileType = text.plist.xml; path = Info.plist; sourceTree = "<group>"; };
		841CFD5D19AF1CFD00F2D3FD /* AppDelegate.swift */ = {isa = PBXFileReference; lastKnownFileType = sourcecode.swift; path = AppDelegate.swift; sourceTree = "<group>"; };
		841CFD6419AF1CFD00F2D3FD /* Base */ = {isa = PBXFileReference; lastKnownFileType = file.storyboard; name = Base; path = Base.lproj/Main.storyboard; sourceTree = "<group>"; };
		841CFD6619AF1CFD00F2D3FD /* Images.xcassets */ = {isa = PBXFileReference; lastKnownFileType = folder.assetcatalog; path = Images.xcassets; sourceTree = "<group>"; };
		841CFD6C19AF1CFD00F2D3FD /* UctAppTests.xctest */ = {isa = PBXFileReference; explicitFileType = wrapper.cfbundle; includeInIndex = 0; path = UctAppTests.xctest; sourceTree = BUILT_PRODUCTS_DIR; };
		841CFD7119AF1CFD00F2D3FD /* Info.plist */ = {isa = PBXFileReference; lastKnownFileType = text.plist.xml; path = Info.plist; sourceTree = "<group>"; };
		841CFD7219AF1CFD00F2D3FD /* UctAppTests.swift */ = {isa = PBXFileReference; lastKnownFileType = sourcecode.swift; path = UctAppTests.swift; sourceTree = "<group>"; };
		8455836519B84958009AC9B4 /* UctApp-Bridging-Header.h */ = {isa = PBXFileReference; lastKnownFileType = sourcecode.c.h; path = "UctApp-Bridging-Header.h"; sourceTree = "<group>"; };
		84BC064E19BED2EC002ADD56 /* UIExpandableListView.swift */ = {isa = PBXFileReference; fileEncoding = 4; lastKnownFileType = sourcecode.swift; name = UIExpandableListView.swift; path = ui/comm/UIExpandableListView.swift; sourceTree = "<group>"; };
		84BC065019BED39E002ADD56 /* UIExpandableListViewDataSource.swift */ = {isa = PBXFileReference; fileEncoding = 4; lastKnownFileType = sourcecode.swift; name = UIExpandableListViewDataSource.swift; path = ui/comm/UIExpandableListViewDataSource.swift; sourceTree = "<group>"; };
		84BC065419BF2314002ADD56 /* SubGroupCellView.swift */ = {isa = PBXFileReference; fileEncoding = 4; lastKnownFileType = sourcecode.swift; name = SubGroupCellView.swift; path = ui/group/SubGroupCellView.swift; sourceTree = "<group>"; };
		84BC065519BF2314002ADD56 /* SubGroupCellView.xib */ = {isa = PBXFileReference; fileEncoding = 4; lastKnownFileType = file.xib; name = SubGroupCellView.xib; path = ui/group/SubGroupCellView.xib; sourceTree = "<group>"; };
		84C30B1019C01FD100353635 /* ZGroupModel.swift */ = {isa = PBXFileReference; fileEncoding = 4; lastKnownFileType = sourcecode.swift; name = ZGroupModel.swift; path = model/ZGroupModel.swift; sourceTree = "<group>"; };
		84C30B1219C01FE700353635 /* GroupCellView.swift */ = {isa = PBXFileReference; fileEncoding = 4; lastKnownFileType = sourcecode.swift; name = GroupCellView.swift; path = ui/group/GroupCellView.swift; sourceTree = "<group>"; };
		84C30B1319C01FE700353635 /* GroupCellView.xib */ = {isa = PBXFileReference; fileEncoding = 4; lastKnownFileType = file.xib; name = GroupCellView.xib; path = ui/group/GroupCellView.xib; sourceTree = "<group>"; };
		84C30B1419C01FE700353635 /* GroupViewController.swift */ = {isa = PBXFileReference; fileEncoding = 4; lastKnownFileType = sourcecode.swift; name = GroupViewController.swift; path = ui/group/GroupViewController.swift; sourceTree = "<group>"; };
		84C30B1819C01FF900353635 /* DailerViewController.swift */ = {isa = PBXFileReference; fileEncoding = 4; lastKnownFileType = sourcecode.swift; name = DailerViewController.swift; path = ui/dailer/DailerViewController.swift; sourceTree = "<group>"; };
		84C30B1A19C0200500353635 /* MsgViewController.swift */ = {isa = PBXFileReference; fileEncoding = 4; lastKnownFileType = sourcecode.swift; name = MsgViewController.swift; path = ui/msg/MsgViewController.swift; sourceTree = "<group>"; };
		84C30B1C19C0201200353635 /* SettingViewController.swift */ = {isa = PBXFileReference; fileEncoding = 4; lastKnownFileType = sourcecode.swift; name = SettingViewController.swift; path = ui/setting/SettingViewController.swift; sourceTree = "<group>"; };
/* End PBXFileReference section */

/* Begin PBXFrameworksBuildPhase section */
		841CFD5519AF1CFD00F2D3FD /* Frameworks */ = {
			isa = PBXFrameworksBuildPhase;
			buildActionMask = 2147483647;
			files = (
			);
			runOnlyForDeploymentPostprocessing = 0;
		};
		841CFD6919AF1CFD00F2D3FD /* Frameworks */ = {
			isa = PBXFrameworksBuildPhase;
			buildActionMask = 2147483647;
			files = (
			);
			runOnlyForDeploymentPostprocessing = 0;
		};
/* End PBXFrameworksBuildPhase section */

/* Begin PBXGroup section */
		841CFD4F19AF1CFC00F2D3FD = {
			isa = PBXGroup;
			children = (
				841CFD5A19AF1CFD00F2D3FD /* UctApp */,
				841CFD6F19AF1CFD00F2D3FD /* UctAppTests */,
				841CFD5919AF1CFD00F2D3FD /* Products */,
			);
			sourceTree = "<group>";
		};
		841CFD5919AF1CFD00F2D3FD /* Products */ = {
			isa = PBXGroup;
			children = (
				841CFD5819AF1CFD00F2D3FD /* UctApp.app */,
				841CFD6C19AF1CFD00F2D3FD /* UctAppTests.xctest */,
			);
			name = Products;
			sourceTree = "<group>";
		};
		841CFD5A19AF1CFD00F2D3FD /* UctApp */ = {
			isa = PBXGroup;
			children = (
				84C30B1E19C0209A00353635 /* control */,
				8455836419B847B8009AC9B4 /* model */,
				841CFD7C19AF216600F2D3FD /* ui */,
				841CFD5D19AF1CFD00F2D3FD /* AppDelegate.swift */,
				841CFD6319AF1CFD00F2D3FD /* Main.storyboard */,
				841CFD6619AF1CFD00F2D3FD /* Images.xcassets */,
				841CFD5B19AF1CFD00F2D3FD /* Supporting Files */,
			);
			path = UctApp;
			sourceTree = "<group>";
		};
		841CFD5B19AF1CFD00F2D3FD /* Supporting Files */ = {
			isa = PBXGroup;
			children = (
				841CFD5C19AF1CFD00F2D3FD /* Info.plist */,
			);
			name = "Supporting Files";
			sourceTree = "<group>";
		};
		841CFD6F19AF1CFD00F2D3FD /* UctAppTests */ = {
			isa = PBXGroup;
			children = (
				841CFD7219AF1CFD00F2D3FD /* UctAppTests.swift */,
				841CFD7019AF1CFD00F2D3FD /* Supporting Files */,
			);
			path = UctAppTests;
			sourceTree = "<group>";
		};
		841CFD7019AF1CFD00F2D3FD /* Supporting Files */ = {
			isa = PBXGroup;
			children = (
				841CFD7119AF1CFD00F2D3FD /* Info.plist */,
			);
			name = "Supporting Files";
			sourceTree = "<group>";
		};
		841CFD7C19AF216600F2D3FD /* ui */ = {
			isa = PBXGroup;
			children = (
				84BC064B19BECDF4002ADD56 /* comm */,
				841CFD7D19AF216F00F2D3FD /* group */,
				841CFD7E19AF218100F2D3FD /* dailer */,
				841CFD7F19AF218D00F2D3FD /* msg */,
				841CFD8019AF219200F2D3FD /* setting */,
			);
			name = ui;
			sourceTree = "<group>";
		};
		841CFD7D19AF216F00F2D3FD /* group */ = {
			isa = PBXGroup;
			children = (
				84C30B1219C01FE700353635 /* GroupCellView.swift */,
				84C30B1319C01FE700353635 /* GroupCellView.xib */,
				84C30B1419C01FE700353635 /* GroupViewController.swift */,
				84BC065419BF2314002ADD56 /* SubGroupCellView.swift */,
				84BC065519BF2314002ADD56 /* SubGroupCellView.xib */,
			);
			name = group;
			sourceTree = "<group>";
		};
		841CFD7E19AF218100F2D3FD /* dailer */ = {
			isa = PBXGroup;
			children = (
				84C30B1819C01FF900353635 /* DailerViewController.swift */,
			);
			name = dailer;
			sourceTree = "<group>";
		};
		841CFD7F19AF218D00F2D3FD /* msg */ = {
			isa = PBXGroup;
			children = (
				84C30B1A19C0200500353635 /* MsgViewController.swift */,
			);
			name = msg;
			sourceTree = "<group>";
		};
		841CFD8019AF219200F2D3FD /* setting */ = {
			isa = PBXGroup;
			children = (
				84C30B1C19C0201200353635 /* SettingViewController.swift */,
			);
			name = setting;
			sourceTree = "<group>";
		};
		8455836419B847B8009AC9B4 /* model */ = {
			isa = PBXGroup;
			children = (
				84C30B1019C01FD100353635 /* ZGroupModel.swift */,
				8455836519B84958009AC9B4 /* UctApp-Bridging-Header.h */,
			);
			name = model;
			sourceTree = "<group>";
		};
		84BC064B19BECDF4002ADD56 /* comm */ = {
			isa = PBXGroup;
			children = (
				84BC064E19BED2EC002ADD56 /* UIExpandableListView.swift */,
				84BC065019BED39E002ADD56 /* UIExpandableListViewDataSource.swift */,
			);
			name = comm;
			sourceTree = "<group>";
		};
		84C30B1E19C0209A00353635 /* control */ = {
			isa = PBXGroup;
			children = (
			);
			name = control;
			sourceTree = "<group>";
		};
/* End PBXGroup section */

/* Begin PBXNativeTarget section */
		841CFD5719AF1CFD00F2D3FD /* UctApp */ = {
			isa = PBXNativeTarget;
			buildConfigurationList = 841CFD7619AF1CFD00F2D3FD /* Build configuration list for PBXNativeTarget "UctApp" */;
			buildPhases = (
				841CFD5419AF1CFD00F2D3FD /* Sources */,
				841CFD5519AF1CFD00F2D3FD /* Frameworks */,
				841CFD5619AF1CFD00F2D3FD /* Resources */,
				2D7D7DAA19B2B96900C8E725 /* ShellScript */,
			);
			buildRules = (
			);
			dependencies = (
			);
			name = UctApp;
			productName = UctApp;
			productReference = 841CFD5819AF1CFD00F2D3FD /* UctApp.app */;
			productType = "com.apple.product-type.application";
		};
		841CFD6B19AF1CFD00F2D3FD /* UctAppTests */ = {
			isa = PBXNativeTarget;
			buildConfigurationList = 841CFD7919AF1CFD00F2D3FD /* Build configuration list for PBXNativeTarget "UctAppTests" */;
			buildPhases = (
				841CFD6819AF1CFD00F2D3FD /* Sources */,
				841CFD6919AF1CFD00F2D3FD /* Frameworks */,
				841CFD6A19AF1CFD00F2D3FD /* Resources */,
			);
			buildRules = (
			);
			dependencies = (
				841CFD6E19AF1CFD00F2D3FD /* PBXTargetDependency */,
			);
			name = UctAppTests;
			productName = UctAppTests;
			productReference = 841CFD6C19AF1CFD00F2D3FD /* UctAppTests.xctest */;
			productType = "com.apple.product-type.bundle.unit-test";
		};
/* End PBXNativeTarget section */

/* Begin PBXProject section */
		841CFD5019AF1CFC00F2D3FD /* Project object */ = {
			isa = PBXProject;
			attributes = {
				LastUpgradeCheck = 0600;
				ORGANIZATIONNAME = ptyt;
				TargetAttributes = {
					841CFD5719AF1CFD00F2D3FD = {
						CreatedOnToolsVersion = 6.0;
					};
					841CFD6B19AF1CFD00F2D3FD = {
						CreatedOnToolsVersion = 6.0;
						TestTargetID = 841CFD5719AF1CFD00F2D3FD;
					};
				};
			};
			buildConfigurationList = 841CFD5319AF1CFC00F2D3FD /* Build configuration list for PBXProject "UctApp" */;
			compatibilityVersion = "Xcode 3.2";
			developmentRegion = English;
			hasScannedForEncodings = 0;
			knownRegions = (
				en,
				Base,
			);
			mainGroup = 841CFD4F19AF1CFC00F2D3FD;
			productRefGroup = 841CFD5919AF1CFD00F2D3FD /* Products */;
			projectDirPath = "";
			projectRoot = "";
			targets = (
				841CFD5719AF1CFD00F2D3FD /* UctApp */,
				841CFD6B19AF1CFD00F2D3FD /* UctAppTests */,
			);
		};
/* End PBXProject section */

/* Begin PBXResourcesBuildPhase section */
		841CFD5619AF1CFD00F2D3FD /* Resources */ = {
			isa = PBXResourcesBuildPhase;
			buildActionMask = 2147483647;
			files = (
				841CFD6519AF1CFD00F2D3FD /* Main.storyboard in Resources */,
				841CFD6719AF1CFD00F2D3FD /* Images.xcassets in Resources */,
				84BC065719BF2314002ADD56 /* SubGroupCellView.xib in Resources */,
				84C30B1619C01FE700353635 /* GroupCellView.xib in Resources */,
			);
			runOnlyForDeploymentPostprocessing = 0;
		};
		841CFD6A19AF1CFD00F2D3FD /* Resources */ = {
			isa = PBXResourcesBuildPhase;
			buildActionMask = 2147483647;
			files = (
			);
			runOnlyForDeploymentPostprocessing = 0;
		};
/* End PBXResourcesBuildPhase section */

/* Begin PBXShellScriptBuildPhase section */
		2D7D7DAA19B2B96900C8E725 /* ShellScript */ = {
			isa = PBXShellScriptBuildPhase;
			buildActionMask = 2147483647;
			files = (
			);
			inputPaths = (
			);
			outputPaths = (
			);
			runOnlyForDeploymentPostprocessing = 0;
			shellPath = /bin/sh;
			shellScript = "export CODESIGN_ALLOCATE=/Applications/Xcode6-Beta7.app/Contents/Developer/Platforms/iPhoneOS.platform/Developer/usr/bin/codesign_allocate\nif [ \"${PLATFORM_NAME}\" == \"iphoneos\" ] || [ \"${PLATFORM_NAME}\" == \"ipados\" ]; then /Applications/Xcode6-Beta7.app/Contents/Developer/iphoneentitlements/gen_entitlements.py \"my.company.${PROJECT_NAME}\" \"${BUILT_PRODUCTS_DIR}/${WRAPPER_NAME}/${PROJECT_NAME}.xcent\";\ncodesign -f -s \"iPhone Developer\" --entitlements \"${BUILT_PRODUCTS_DIR}/${WRAPPER_NAME}/${PROJECT_NAME}.xcent\" \"${BUILT_PRODUCTS_DIR}/${WRAPPER_NAME}/\";\nfi\n";
		};
/* End PBXShellScriptBuildPhase section */

/* Begin PBXSourcesBuildPhase section */
		841CFD5419AF1CFD00F2D3FD /* Sources */ = {
			isa = PBXSourcesBuildPhase;
			buildActionMask = 2147483647;
			files = (
				84C30B1719C01FE700353635 /* GroupViewController.swift in Sources */,
				84C30B1B19C0200500353635 /* MsgViewController.swift in Sources */,
				84C30B1119C01FD100353635 /* ZGroupModel.swift in Sources */,
				84C30B1919C01FF900353635 /* DailerViewController.swift in Sources */,
				84BC064F19BED2EC002ADD56 /* UIExpandableListView.swift in Sources */,
				84C30B1D19C0201200353635 /* SettingViewController.swift in Sources */,
				84BC065119BED39E002ADD56 /* UIExpandableListViewDataSource.swift in Sources */,
				84BC065619BF2314002ADD56 /* SubGroupCellView.swift in Sources */,
				841CFD5E19AF1CFD00F2D3FD /* AppDelegate.swift in Sources */,
				84C30B1519C01FE700353635 /* GroupCellView.swift in Sources */,
			);
			runOnlyForDeploymentPostprocessing = 0;
		};
		841CFD6819AF1CFD00F2D3FD /* Sources */ = {
			isa = PBXSourcesBuildPhase;
			buildActionMask = 2147483647;
			files = (
				841CFD7319AF1CFD00F2D3FD /* UctAppTests.swift in Sources */,
			);
			runOnlyForDeploymentPostprocessing = 0;
		};
/* End PBXSourcesBuildPhase section */

/* Begin PBXTargetDependency section */
		841CFD6E19AF1CFD00F2D3FD /* PBXTargetDependency */ = {
			isa = PBXTargetDependency;
			target = 841CFD5719AF1CFD00F2D3FD /* UctApp */;
			targetProxy = 841CFD6D19AF1CFD00F2D3FD /* PBXContainerItemProxy */;
		};
/* End PBXTargetDependency section */

/* Begin PBXVariantGroup section */
		841CFD6319AF1CFD00F2D3FD /* Main.storyboard */ = {
			isa = PBXVariantGroup;
			children = (
				841CFD6419AF1CFD00F2D3FD /* Base */,
			);
			name = Main.storyboard;
			sourceTree = "<group>";
		};
/* End PBXVariantGroup section */

/* Begin XCBuildConfiguration section */
		841CFD7419AF1CFD00F2D3FD /* Debug */ = {
			isa = XCBuildConfiguration;
			buildSettings = {
				ALWAYS_SEARCH_USER_PATHS = NO;
				CLANG_CXX_LANGUAGE_STANDARD = "gnu++0x";
				CLANG_CXX_LIBRARY = "libc++";
				CLANG_ENABLE_MODULES = YES;
				CLANG_ENABLE_OBJC_ARC = YES;
				CLANG_WARN_BOOL_CONVERSION = YES;
				CLANG_WARN_CONSTANT_CONVERSION = YES;
				CLANG_WARN_DIRECT_OBJC_ISA_USAGE = YES_ERROR;
				CLANG_WARN_EMPTY_BODY = YES;
				CLANG_WARN_ENUM_CONVERSION = YES;
				CLANG_WARN_INT_CONVERSION = YES;
				CLANG_WARN_OBJC_ROOT_CLASS = YES_ERROR;
				CLANG_WARN_UNREACHABLE_CODE = YES;
				CLANG_WARN__DUPLICATE_METHOD_MATCH = YES;
				"CODE_SIGN_IDENTITY[sdk=iphoneos*]" = "";
				COPY_PHASE_STRIP = NO;
				ENABLE_STRICT_OBJC_MSGSEND = YES;
				GCC_C_LANGUAGE_STANDARD = gnu99;
				GCC_DYNAMIC_NO_PIC = NO;
				GCC_OPTIMIZATION_LEVEL = 0;
				GCC_PREPROCESSOR_DEFINITIONS = (
					"DEBUG=1",
					"$(inherited)",
				);
				GCC_SYMBOLS_PRIVATE_EXTERN = NO;
				GCC_WARN_64_TO_32_BIT_CONVERSION = YES;
				GCC_WARN_ABOUT_RETURN_TYPE = YES_ERROR;
				GCC_WARN_UNDECLARED_SELECTOR = YES;
				GCC_WARN_UNINITIALIZED_AUTOS = YES_AGGRESSIVE;
				GCC_WARN_UNUSED_FUNCTION = YES;
				GCC_WARN_UNUSED_VARIABLE = YES;
				IPHONEOS_DEPLOYMENT_TARGET = 8.0;
				MTL_ENABLE_DEBUG_INFO = YES;
				ONLY_ACTIVE_ARCH = YES;
				SDKROOT = iphoneos;
				SWIFT_OPTIMIZATION_LEVEL = "-Onone";
				TARGETED_DEVICE_FAMILY = "1,2";
			};
			name = Debug;
		};
		841CFD7519AF1CFD00F2D3FD /* Release */ = {
			isa = XCBuildConfiguration;
			buildSettings = {
				ALWAYS_SEARCH_USER_PATHS = NO;
				CLANG_CXX_LANGUAGE_STANDARD = "gnu++0x";
				CLANG_CXX_LIBRARY = "libc++";
				CLANG_ENABLE_MODULES = YES;
				CLANG_ENABLE_OBJC_ARC = YES;
				CLANG_WARN_BOOL_CONVERSION = YES;
				CLANG_WARN_CONSTANT_CONVERSION = YES;
				CLANG_WARN_DIRECT_OBJC_ISA_USAGE = YES_ERROR;
				CLANG_WARN_EMPTY_BODY = YES;
				CLANG_WARN_ENUM_CONVERSION = YES;
				CLANG_WARN_INT_CONVERSION = YES;
				CLANG_WARN_OBJC_ROOT_CLASS = YES_ERROR;
				CLANG_WARN_UNREACHABLE_CODE = YES;
				CLANG_WARN__DUPLICATE_METHOD_MATCH = YES;
				"CODE_SIGN_IDENTITY[sdk=iphoneos*]" = "";
				COPY_PHASE_STRIP = YES;
				ENABLE_NS_ASSERTIONS = NO;
				ENABLE_STRICT_OBJC_MSGSEND = YES;
				GCC_C_LANGUAGE_STANDARD = gnu99;
				GCC_WARN_64_TO_32_BIT_CONVERSION = YES;
				GCC_WARN_ABOUT_RETURN_TYPE = YES_ERROR;
				GCC_WARN_UNDECLARED_SELECTOR = YES;
				GCC_WARN_UNINITIALIZED_AUTOS = YES_AGGRESSIVE;
				GCC_WARN_UNUSED_FUNCTION = YES;
				GCC_WARN_UNUSED_VARIABLE = YES;
				IPHONEOS_DEPLOYMENT_TARGET = 8.0;
				MTL_ENABLE_DEBUG_INFO = NO;
				SDKROOT = iphoneos;
				TARGETED_DEVICE_FAMILY = "1,2";
				VALIDATE_PRODUCT = YES;
			};
			name = Release;
		};
		841CFD7719AF1CFD00F2D3FD /* Debug */ = {
			isa = XCBuildConfiguration;
			buildSettings = {
				ASSETCATALOG_COMPILER_APPICON_NAME = AppIcon;
				ASSETCATALOG_COMPILER_LAUNCHIMAGE_NAME = LaunchImage;
				CLANG_ENABLE_MODULES = YES;
				CLANG_WARN_CXX0X_EXTENSIONS = YES;
				GCC_WARN_HIDDEN_VIRTUAL_FUNCTIONS = NO;
				INFOPLIST_FILE = UctApp/Info.plist;
				IPHONEOS_DEPLOYMENT_TARGET = 7.1;
				LD_RUNPATH_SEARCH_PATHS = "$(inherited) @executable_path/Frameworks";
				PRODUCT_NAME = "$(TARGET_NAME)";
				SWIFT_OBJC_BRIDGING_HEADER = "UctApp/UctApp-Bridging-Header.h";
				SWIFT_OPTIMIZATION_LEVEL = "-Onone";
			};
			name = Debug;
		};
		841CFD7819AF1CFD00F2D3FD /* Release */ = {
			isa = XCBuildConfiguration;
			buildSettings = {
				ASSETCATALOG_COMPILER_APPICON_NAME = AppIcon;
				ASSETCATALOG_COMPILER_LAUNCHIMAGE_NAME = LaunchImage;
				CLANG_ENABLE_MODULES = YES;
				CLANG_WARN_CXX0X_EXTENSIONS = YES;
				GCC_WARN_HIDDEN_VIRTUAL_FUNCTIONS = NO;
				INFOPLIST_FILE = UctApp/Info.plist;
				IPHONEOS_DEPLOYMENT_TARGET = 7.1;
				LD_RUNPATH_SEARCH_PATHS = "$(inherited) @executable_path/Frameworks";
				PRODUCT_NAME = "$(TARGET_NAME)";
				SWIFT_OBJC_BRIDGING_HEADER = "UctApp/UctApp-Bridging-Header.h";
			};
			name = Release;
		};
		841CFD7A19AF1CFD00F2D3FD /* Debug */ = {
			isa = XCBuildConfiguration;
			buildSettings = {
				BUNDLE_LOADER = "$(TEST_HOST)";
				FRAMEWORK_SEARCH_PATHS = (
					"$(SDKROOT)/Developer/Library/Frameworks",
					"$(inherited)",
				);
				GCC_PREPROCESSOR_DEFINITIONS = (
					"DEBUG=1",
					"$(inherited)",
				);
				INFOPLIST_FILE = UctAppTests/Info.plist;
				LD_RUNPATH_SEARCH_PATHS = "$(inherited) @executable_path/Frameworks @loader_path/Frameworks";
				PRODUCT_NAME = "$(TARGET_NAME)";
				TEST_HOST = "$(BUILT_PRODUCTS_DIR)/UctApp.app/UctApp";
			};
			name = Debug;
		};
		841CFD7B19AF1CFD00F2D3FD /* Release */ = {
			isa = XCBuildConfiguration;
			buildSettings = {
				BUNDLE_LOADER = "$(TEST_HOST)";
				FRAMEWORK_SEARCH_PATHS = (
					"$(SDKROOT)/Developer/Library/Frameworks",
					"$(inherited)",
				);
				INFOPLIST_FILE = UctAppTests/Info.plist;
				LD_RUNPATH_SEARCH_PATHS = "$(inherited) @executable_path/Frameworks @loader_path/Frameworks";
				PRODUCT_NAME = "$(TARGET_NAME)";
				TEST_HOST = "$(BUILT_PRODUCTS_DIR)/UctApp.app/UctApp";
			};
			name = Release;
		};
/* End XCBuildConfiguration section */

/* Begin XCConfigurationList section */
		841CFD5319AF1CFC00F2D3FD /* Build configuration list for PBXProject "UctApp" */ = {
			isa = XCConfigurationList;
			buildConfigurations = (
				841CFD7419AF1CFD00F2D3FD /* Debug */,
				841CFD7519AF1CFD00F2D3FD /* Release */,
			);
			defaultConfigurationIsVisible = 0;
			defaultConfigurationName = Release;
		};
		841CFD7619AF1CFD00F2D3FD /* Build configuration list for PBXNativeTarget "UctApp" */ = {
			isa = XCConfigurationList;
			buildConfigurations = (
				841CFD7719AF1CFD00F2D3FD /* Debug */,
				841CFD7819AF1CFD00F2D3FD /* Release */,
			);
			defaultConfigurationIsVisible = 0;
			defaultConfigurationName = Release;
		};
		841CFD7919AF1CFD00F2D3FD /* Build configuration list for PBXNativeTarget "UctAppTests" */ = {
			isa = XCConfigurationList;
			buildConfigurations = (
				841CFD7A19AF1CFD00F2D3FD /* Debug */,
				841CFD7B19AF1CFD00F2D3FD /* Release */,
			);
			defaultConfigurationIsVisible = 0;
			defaultConfigurationName = Release;
		};
/* End XCConfigurationList section */
	};
	rootObject = 841CFD5019AF1CFC00F2D3FD /* Project object */;
}
